
Microsoft Visual Studio Solution File, Format Version 12.00
# Visual Studio Version 17
VisualStudioVersion = 17.2.32519.379
MinimumVisualStudioVersion = 10.0.40219.1
Project("{FAE04EC0-301F-11D3-BF4B-00C04F79EFBC}") = "Project", "Project\Project.csproj", "{8BA1757E-AB87-4CF7-A085-0D8A9822BA55}"
EndProject
Project("{FAE04EC0-301F-11D3-BF4B-00C04F79EFBC}") = "Project2", "..\Project2\Project\Project2.csproj", "{EBAD66F4-C836-4F3F-8A69-E1CB9A2E8CCC}"
EndProject
Global
	GlobalSection(SolutionConfigurationPlatforms) = preSolution
		Debug|Any CPU = Debug|Any CPU
		Release|Any CPU = Release|Any CPU
	EndGlobalSection
	GlobalSection(ProjectConfigurationPlatforms) = postSolution
		{8BA1757E-AB87-4CF7-A085-0D8A9822BA55}.Debug|Any CPU.ActiveCfg = Debug|Any CPU
		{8BA1757E-AB87-4CF7-A085-0D8A9822BA55}.Debug|Any CPU.Build.0 = Debug|Any CPU
		{8BA1757E-AB87-4CF7-A085-0D8A9822BA55}.Release|Any CPU.ActiveCfg = Release|Any CPU
		{8BA1757E-AB87-4CF7-A085-0D8A9822BA55}.Release|Any CPU.Build.0 = Release|Any CPU
		{EBAD66F4-C836-4F3F-8A69-E1CB9A2E8CCC}.Debug|Any CPU.ActiveCfg = Debug|Any CPU
		{EBAD66F4-C836-4F3F-8A69-E1CB9A2E8CCC}.Debug|Any CPU.Build.0 = Debug|Any CPU
		{EBAD66F4-C836-4F3F-8A69-E1CB9A2E8CCC}.Release|Any CPU.ActiveCfg = Release|Any CPU
		{EBAD66F4-C836-4F3F-8A69-E1CB9A2E8CCC}.Release|Any CPU.Build.0 = Release|Any CPU
	EndGlobalSection
	GlobalSection(SolutionProperties) = preSolution
		HideSolutionNode = FALSE
	EndGlobalSection
	GlobalSection(ExtensibilityGlobals) = postSolution
		SolutionGuid = {35BDF23D-4B1C-4FA0-B56F-3587B99C2286}
	EndGlobalSection
EndGlobal
